
Microsoft Visual Studio Solution File, Format Version 12.00
# Visual Studio Version 17
VisualStudioVersion = 17.9.34723.18
MinimumVisualStudioVersion = 10.0.40219.1
Project("{9A19103F-16F7-4668-BE54-9A1E7A4F7556}") = "RealStatesWebApi", "RealStatesWebApi\RealStatesWebApi.csproj", "{C990DC6C-0862-41EC-A92C-24E2FCA19DF8}"
EndProject
Project("{9A19103F-16F7-4668-BE54-9A1E7A4F7556}") = "Services", "Services\Services.csproj", "{C4AE55D6-F189-4FAE-9FB9-6751F95C5B42}"
EndProject
Project("{9A19103F-16F7-4668-BE54-9A1E7A4F7556}") = "Models", "Models\Models.csproj", "{8D780E8B-026D-4E77-9F57-B83A22AAD4F9}"
EndProject
Project("{9A19103F-16F7-4668-BE54-9A1E7A4F7556}") = "Repositories", "Repositories\Repositories.csproj", "{5C0E3424-CCCE-431E-947C-8D05DC8CD509}"
EndProject
Project("{9A19103F-16F7-4668-BE54-9A1E7A4F7556}") = "Data", "Data\Data.csproj", "{0B78F71B-9E80-481A-8EDE-9ABB558CC3E5}"
EndProject
Project("{FAE04EC0-301F-11D3-BF4B-00C04F79EFBC}") = "Data.Infrastructure", "Data.Infrastructure\Data.Infrastructure.csproj", "{D4FBA938-8348-4788-9C51-FEEAAB3A6CD6}"
EndProject
Global
	GlobalSection(SolutionConfigurationPlatforms) = preSolution
		Debug|Any CPU = Debug|Any CPU
		Release|Any CPU = Release|Any CPU
	EndGlobalSection
	GlobalSection(ProjectConfigurationPlatforms) = postSolution
		{C990DC6C-0862-41EC-A92C-24E2FCA19DF8}.Debug|Any CPU.ActiveCfg = Debug|Any CPU
		{C990DC6C-0862-41EC-A92C-24E2FCA19DF8}.Debug|Any CPU.Build.0 = Debug|Any CPU
		{C990DC6C-0862-41EC-A92C-24E2FCA19DF8}.Release|Any CPU.ActiveCfg = Release|Any CPU
		{C990DC6C-0862-41EC-A92C-24E2FCA19DF8}.Release|Any CPU.Build.0 = Release|Any CPU
		{C4AE55D6-F189-4FAE-9FB9-6751F95C5B42}.Debug|Any CPU.ActiveCfg = Debug|Any CPU
		{C4AE55D6-F189-4FAE-9FB9-6751F95C5B42}.Debug|Any CPU.Build.0 = Debug|Any CPU
		{C4AE55D6-F189-4FAE-9FB9-6751F95C5B42}.Release|Any CPU.ActiveCfg = Release|Any CPU
		{C4AE55D6-F189-4FAE-9FB9-6751F95C5B42}.Release|Any CPU.Build.0 = Release|Any CPU
		{8D780E8B-026D-4E77-9F57-B83A22AAD4F9}.Debug|Any CPU.ActiveCfg = Debug|Any CPU
		{8D780E8B-026D-4E77-9F57-B83A22AAD4F9}.Debug|Any CPU.Build.0 = Debug|Any CPU
		{8D780E8B-026D-4E77-9F57-B83A22AAD4F9}.Release|Any CPU.ActiveCfg = Release|Any CPU
		{8D780E8B-026D-4E77-9F57-B83A22AAD4F9}.Release|Any CPU.Build.0 = Release|Any CPU
		{5C0E3424-CCCE-431E-947C-8D05DC8CD509}.Debug|Any CPU.ActiveCfg = Debug|Any CPU
		{5C0E3424-CCCE-431E-947C-8D05DC8CD509}.Debug|Any CPU.Build.0 = Debug|Any CPU
		{5C0E3424-CCCE-431E-947C-8D05DC8CD509}.Release|Any CPU.ActiveCfg = Release|Any CPU
		{5C0E3424-CCCE-431E-947C-8D05DC8CD509}.Release|Any CPU.Build.0 = Release|Any CPU
		{0B78F71B-9E80-481A-8EDE-9ABB558CC3E5}.Debug|Any CPU.ActiveCfg = Debug|Any CPU
		{0B78F71B-9E80-481A-8EDE-9ABB558CC3E5}.Debug|Any CPU.Build.0 = Debug|Any CPU
		{0B78F71B-9E80-481A-8EDE-9ABB558CC3E5}.Release|Any CPU.ActiveCfg = Release|Any CPU
		{0B78F71B-9E80-481A-8EDE-9ABB558CC3E5}.Release|Any CPU.Build.0 = Release|Any CPU
		{D4FBA938-8348-4788-9C51-FEEAAB3A6CD6}.Debug|Any CPU.ActiveCfg = Debug|Any CPU
		{D4FBA938-8348-4788-9C51-FEEAAB3A6CD6}.Debug|Any CPU.Build.0 = Debug|Any CPU
		{D4FBA938-8348-4788-9C51-FEEAAB3A6CD6}.Release|Any CPU.ActiveCfg = Release|Any CPU
		{D4FBA938-8348-4788-9C51-FEEAAB3A6CD6}.Release|Any CPU.Build.0 = Release|Any CPU
	EndGlobalSection
	GlobalSection(SolutionProperties) = preSolution
		HideSolutionNode = FALSE
	EndGlobalSection
	GlobalSection(ExtensibilityGlobals) = postSolution
		SolutionGuid = {8E975DCB-1971-4BC9-8392-E69053F7F727}
	EndGlobalSection
EndGlobal
